
Microsoft Visual Studio Solution File, Format Version 12.00
# Visual Studio Version 17
VisualStudioVersion = 17.14.36301.6 d17.14
MinimumVisualStudioVersion = 10.0.40219.1
Project("{FAE04EC0-301F-11D3-BF4B-00C04F79EFBC}") = "SphereBlog", "SphereBlog.csproj", "{EA79AAAC-1CDE-44C6-9B97-E69B78375401}"
EndProject
Global
	GlobalSection(SolutionConfigurationPlatforms) = preSolution
		Debug|Any CPU = Debug|Any CPU
		Release|Any CPU = Release|Any CPU
	EndGlobalSection
	GlobalSection(ProjectConfigurationPlatforms) = postSolution
		{EA79AAAC-1CDE-44C6-9B97-E69B78375401}.Debug|Any CPU.ActiveCfg = Debug|Any CPU
		{EA79AAAC-1CDE-44C6-9B97-E69B78375401}.Debug|Any CPU.Build.0 = Debug|Any CPU
		{EA79AAAC-1CDE-44C6-9B97-E69B78375401}.Release|Any CPU.ActiveCfg = Release|Any CPU
		{EA79AAAC-1CDE-44C6-9B97-E69B78375401}.Release|Any CPU.Build.0 = Release|Any CPU
	EndGlobalSection
	GlobalSection(SolutionProperties) = preSolution
		HideSolutionNode = FALSE
	EndGlobalSection
	GlobalSection(ExtensibilityGlobals) = postSolution
		SolutionGuid = {AF7BBAC4-C721-43AA-82C0-A016E8680AF4}
	EndGlobalSection
EndGlobal
